// !$*UTF8*$!
{
	archiveVersion = 1;
	classes = {
	};
	objectVersion = 50;
	objects = {

/* Begin PBXBuildFile section */
		DB0270EA20B7FCFF0000F99A /* ButtonViewController.swift in Sources */ = {isa = PBXBuildFile; fileRef = DB0270E920B7FCFF0000F99A /* ButtonViewController.swift */; };
		DB02713920B99ECE0000F99A /* ChainAnimationViewController.swift in Sources */ = {isa = PBXBuildFile; fileRef = DB02713820B99ECE0000F99A /* ChainAnimationViewController.swift */; };
		DB0FE3F920BA88C800299DF7 /* CircleProgressBarViewController.swift in Sources */ = {isa = PBXBuildFile; fileRef = DB0FE3F820BA88C800299DF7 /* CircleProgressBarViewController.swift */; };
		DBD7F9A120B286B400605855 /* AppDelegate.swift in Sources */ = {isa = PBXBuildFile; fileRef = DBD7F9A020B286B400605855 /* AppDelegate.swift */; };
		DBD7F9A320B286B400605855 /* MainViewController.swift in Sources */ = {isa = PBXBuildFile; fileRef = DBD7F9A220B286B400605855 /* MainViewController.swift */; };
		DBD7F9A620B286B400605855 /* Main.storyboard in Resources */ = {isa = PBXBuildFile; fileRef = DBD7F9A420B286B400605855 /* Main.storyboard */; };
		DBD7F9A820B286B600605855 /* Assets.xcassets in Resources */ = {isa = PBXBuildFile; fileRef = DBD7F9A720B286B600605855 /* Assets.xcassets */; };
		DBD7F9AB20B286B600605855 /* LaunchScreen.storyboard in Resources */ = {isa = PBXBuildFile; fileRef = DBD7F9A920B286B600605855 /* LaunchScreen.storyboard */; };
		DBDB7DCB20B7F659007175FE /* Extension.swift in Sources */ = {isa = PBXBuildFile; fileRef = DBDB7DCA20B7F659007175FE /* Extension.swift */; };
		DBDB7DCD20B7F714007175FE /* MainTableViewCell.xib in Resources */ = {isa = PBXBuildFile; fileRef = DBDB7DCC20B7F714007175FE /* MainTableViewCell.xib */; };
		DBDB7DCF20B7F76A007175FE /* MainTableViewCell.swift in Sources */ = {isa = PBXBuildFile; fileRef = DBDB7DCE20B7F76A007175FE /* MainTableViewCell.swift */; };
/* End PBXBuildFile section */

/* Begin PBXFileReference section */
		DB0270E920B7FCFF0000F99A /* ButtonViewController.swift */ = {isa = PBXFileReference; lastKnownFileType = sourcecode.swift; path = ButtonViewController.swift; sourceTree = "<group>"; };
		DB02713820B99ECE0000F99A /* ChainAnimationViewController.swift */ = {isa = PBXFileReference; lastKnownFileType = sourcecode.swift; path = ChainAnimationViewController.swift; sourceTree = "<group>"; };
		DB0FE3F820BA88C800299DF7 /* CircleProgressBarViewController.swift */ = {isa = PBXFileReference; lastKnownFileType = sourcecode.swift; path = CircleProgressBarViewController.swift; sourceTree = "<group>"; };
		DBD7F99D20B286B400605855 /* AnimationCollection.app */ = {isa = PBXFileReference; explicitFileType = wrapper.application; includeInIndex = 0; path = AnimationCollection.app; sourceTree = BUILT_PRODUCTS_DIR; };
		DBD7F9A020B286B400605855 /* AppDelegate.swift */ = {isa = PBXFileReference; lastKnownFileType = sourcecode.swift; path = AppDelegate.swift; sourceTree = "<group>"; };
		DBD7F9A220B286B400605855 /* MainViewController.swift */ = {isa = PBXFileReference; lastKnownFileType = sourcecode.swift; path = MainViewController.swift; sourceTree = "<group>"; };
		DBD7F9A520B286B400605855 /* Base */ = {isa = PBXFileReference; lastKnownFileType = file.storyboard; name = Base; path = Base.lproj/Main.storyboard; sourceTree = "<group>"; };
		DBD7F9A720B286B600605855 /* Assets.xcassets */ = {isa = PBXFileReference; lastKnownFileType = folder.assetcatalog; path = Assets.xcassets; sourceTree = "<group>"; };
		DBD7F9AA20B286B600605855 /* Base */ = {isa = PBXFileReference; lastKnownFileType = file.storyboard; name = Base; path = Base.lproj/LaunchScreen.storyboard; sourceTree = "<group>"; };
		DBD7F9AC20B286B600605855 /* Info.plist */ = {isa = PBXFileReference; lastKnownFileType = text.plist.xml; path = Info.plist; sourceTree = "<group>"; };
		DBDB7DCA20B7F659007175FE /* Extension.swift */ = {isa = PBXFileReference; lastKnownFileType = sourcecode.swift; path = Extension.swift; sourceTree = "<group>"; };
		DBDB7DCC20B7F714007175FE /* MainTableViewCell.xib */ = {isa = PBXFileReference; lastKnownFileType = file.xib; path = MainTableViewCell.xib; sourceTree = "<group>"; };
		DBDB7DCE20B7F76A007175FE /* MainTableViewCell.swift */ = {isa = PBXFileReference; lastKnownFileType = sourcecode.swift; path = MainTableViewCell.swift; sourceTree = "<group>"; };
/* End PBXFileReference section */

/* Begin PBXFrameworksBuildPhase section */
		DBD7F99A20B286B400605855 /* Frameworks */ = {
			isa = PBXFrameworksBuildPhase;
			buildActionMask = 2147483647;
			files = (
			);
			runOnlyForDeploymentPostprocessing = 0;
		};
/* End PBXFrameworksBuildPhase section */

/* Begin PBXGroup section */
		DB0270E820B7FCD30000F99A /* Controller */ = {
			isa = PBXGroup;
			children = (
				DBD7F9A220B286B400605855 /* MainViewController.swift */,
				DB0270E920B7FCFF0000F99A /* ButtonViewController.swift */,
				DB02713820B99ECE0000F99A /* ChainAnimationViewController.swift */,
				DB0FE3F820BA88C800299DF7 /* CircleProgressBarViewController.swift */,
			);
			path = Controller;
			sourceTree = "<group>";
		};
		DBD7F99420B286B400605855 = {
			isa = PBXGroup;
			children = (
				DBD7F99F20B286B400605855 /* AnimationCollection */,
				DBD7F99E20B286B400605855 /* Products */,
			);
			sourceTree = "<group>";
		};
		DBD7F99E20B286B400605855 /* Products */ = {
			isa = PBXGroup;
			children = (
				DBD7F99D20B286B400605855 /* AnimationCollection.app */,
			);
			name = Products;
			sourceTree = "<group>";
		};
		DBD7F99F20B286B400605855 /* AnimationCollection */ = {
			isa = PBXGroup;
			children = (
				DBDB7DCA20B7F659007175FE /* Extension.swift */,
				DBD7F9A020B286B400605855 /* AppDelegate.swift */,
				DB0270E820B7FCD30000F99A /* Controller */,
				DBDB7DCE20B7F76A007175FE /* MainTableViewCell.swift */,
				DBDB7DCC20B7F714007175FE /* MainTableViewCell.xib */,
				DBD7F9A420B286B400605855 /* Main.storyboard */,
				DBD7F9A720B286B600605855 /* Assets.xcassets */,
				DBD7F9A920B286B600605855 /* LaunchScreen.storyboard */,
				DBD7F9AC20B286B600605855 /* Info.plist */,
			);
			path = AnimationCollection;
			sourceTree = "<group>";
		};
/* End PBXGroup section */

/* Begin PBXNativeTarget section */
		DBD7F99C20B286B400605855 /* AnimationCollection */ = {
			isa = PBXNativeTarget;
			buildConfigurationList = DBD7F9AF20B286B600605855 /* Build configuration list for PBXNativeTarget "AnimationCollection" */;
			buildPhases = (
				DBD7F99920B286B400605855 /* Sources */,
				DBD7F99A20B286B400605855 /* Frameworks */,
				DBD7F99B20B286B400605855 /* Resources */,
			);
			buildRules = (
			);
			dependencies = (
			);
			name = AnimationCollection;
			productName = AnimationCollection;
			productReference = DBD7F99D20B286B400605855 /* AnimationCollection.app */;
			productType = "com.apple.product-type.application";
		};
/* End PBXNativeTarget section */

/* Begin PBXProject section */
		DBD7F99520B286B400605855 /* Project object */ = {
			isa = PBXProject;
			attributes = {
				LastSwiftUpdateCheck = 0930;
				LastUpgradeCheck = 0930;
				ORGANIZATIONNAME = Hexcon;
				TargetAttributes = {
					DBD7F99C20B286B400605855 = {
						CreatedOnToolsVersion = 9.3.1;
					};
				};
			};
			buildConfigurationList = DBD7F99820B286B400605855 /* Build configuration list for PBXProject "AnimationCollection" */;
			compatibilityVersion = "Xcode 9.3";
			developmentRegion = en;
			hasScannedForEncodings = 0;
			knownRegions = (
				en,
				Base,
			);
			mainGroup = DBD7F99420B286B400605855;
			productRefGroup = DBD7F99E20B286B400605855 /* Products */;
			projectDirPath = "";
			projectRoot = "";
			targets = (
				DBD7F99C20B286B400605855 /* AnimationCollection */,
			);
		};
/* End PBXProject section */

/* Begin PBXResourcesBuildPhase section */
		DBD7F99B20B286B400605855 /* Resources */ = {
			isa = PBXResourcesBuildPhase;
			buildActionMask = 2147483647;
			files = (
				DBD7F9AB20B286B600605855 /* LaunchScreen.storyboard in Resources */,
				DBD7F9A820B286B600605855 /* Assets.xcassets in Resources */,
				DBDB7DCD20B7F714007175FE /* MainTableViewCell.xib in Resources */,
				DBD7F9A620B286B400605855 /* Main.storyboard in Resources */,
			);
			runOnlyForDeploymentPostprocessing = 0;
		};
/* End PBXResourcesBuildPhase section */

/* Begin PBXSourcesBuildPhase section */
		DBD7F99920B286B400605855 /* Sources */ = {
			isa = PBXSourcesBuildPhase;
			buildActionMask = 2147483647;
			files = (
				DB0FE3F920BA88C800299DF7 /* CircleProgressBarViewController.swift in Sources */,
				DB0270EA20B7FCFF0000F99A /* ButtonViewController.swift in Sources */,
				DBDB7DCB20B7F659007175FE /* Extension.swift in Sources */,
				DBD7F9A320B286B400605855 /* MainViewController.swift in Sources */,
				DB02713920B99ECE0000F99A /* ChainAnimationViewController.swift in Sources */,
				DBDB7DCF20B7F76A007175FE /* MainTableViewCell.swift in Sources */,
				DBD7F9A120B286B400605855 /* AppDelegate.swift in Sources */,
			);
			runOnlyForDeploymentPostprocessing = 0;
		};
/* End PBXSourcesBuildPhase section */

/* Begin PBXVariantGroup section */
		DBD7F9A420B286B400605855 /* Main.storyboard */ = {
			isa = PBXVariantGroup;
			children = (
				DBD7F9A520B286B400605855 /* Base */,
			);
			name = Main.storyboard;
			sourceTree = "<group>";
		};
		DBD7F9A920B286B600605855 /* LaunchScreen.storyboard */ = {
			isa = PBXVariantGroup;
			children = (
				DBD7F9AA20B286B600605855 /* Base */,
			);
			name = LaunchScreen.storyboard;
			sourceTree = "<group>";
		};
/* End PBXVariantGroup section */

/* Begin XCBuildConfiguration section */
		DBD7F9AD20B286B600605855 /* Debug */ = {
			isa = XCBuildConfiguration;
			buildSettings = {
				ALWAYS_SEARCH_USER_PATHS = NO;
				CLANG_ANALYZER_NONNULL = YES;
				CLANG_ANALYZER_NUMBER_OBJECT_CONVERSION = YES_AGGRESSIVE;
				CLANG_CXX_LANGUAGE_STANDARD = "gnu++14";
				CLANG_CXX_LIBRARY = "libc++";
				CLANG_ENABLE_MODULES = YES;
				CLANG_ENABLE_OBJC_ARC = YES;
				CLANG_ENABLE_OBJC_WEAK = YES;
				CLANG_WARN_BLOCK_CAPTURE_AUTORELEASING = YES;
				CLANG_WARN_BOOL_CONVERSION = YES;
				CLANG_WARN_COMMA = YES;
				CLANG_WARN_CONSTANT_CONVERSION = YES;
				CLANG_WARN_DEPRECATED_OBJC_IMPLEMENTATIONS = YES;
				CLANG_WARN_DIRECT_OBJC_ISA_USAGE = YES_ERROR;
				CLANG_WARN_DOCUMENTATION_COMMENTS = YES;
				CLANG_WARN_EMPTY_BODY = YES;
				CLANG_WARN_ENUM_CONVERSION = YES;
				CLANG_WARN_INFINITE_RECURSION = YES;
				CLANG_WARN_INT_CONVERSION = YES;
				CLANG_WARN_NON_LITERAL_NULL_CONVERSION = YES;
				CLANG_WARN_OBJC_IMPLICIT_RETAIN_SELF = YES;
				CLANG_WARN_OBJC_LITERAL_CONVERSION = YES;
				CLANG_WARN_OBJC_ROOT_CLASS = YES_ERROR;
				CLANG_WARN_RANGE_LOOP_ANALYSIS = YES;
				CLANG_WARN_STRICT_PROTOTYPES = YES;
				CLANG_WARN_SUSPICIOUS_MOVE = YES;
				CLANG_WARN_UNGUARDED_AVAILABILITY = YES_AGGRESSIVE;
				CLANG_WARN_UNREACHABLE_CODE = YES;
				CLANG_WARN__DUPLICATE_METHOD_MATCH = YES;
				CODE_SIGN_IDENTITY = "iPhone Developer";
				COPY_PHASE_STRIP = NO;
				DEBUG_INFORMATION_FORMAT = dwarf;
				ENABLE_STRICT_OBJC_MSGSEND = YES;
				ENABLE_TESTABILITY = YES;
				GCC_C_LANGUAGE_STANDARD = gnu11;
				GCC_DYNAMIC_NO_PIC = NO;
				GCC_NO_COMMON_BLOCKS = YES;
				GCC_OPTIMIZATION_LEVEL = 0;
				GCC_PREPROCESSOR_DEFINITIONS = (
					"DEBUG=1",
					"$(inherited)",
				);
				GCC_WARN_64_TO_32_BIT_CONVERSION = YES;
				GCC_WARN_ABOUT_RETURN_TYPE = YES_ERROR;
				GCC_WARN_UNDECLARED_SELECTOR = YES;
				GCC_WARN_UNINITIALIZED_AUTOS = YES_AGGRESSIVE;
				GCC_WARN_UNUSED_FUNCTION = YES;
				GCC_WARN_UNUSED_VARIABLE = YES;
				IPHONEOS_DEPLOYMENT_TARGET = 11.3;
				MTL_ENABLE_DEBUG_INFO = YES;
				ONLY_ACTIVE_ARCH = YES;
				SDKROOT = iphoneos;
				SWIFT_ACTIVE_COMPILATION_CONDITIONS = DEBUG;
				SWIFT_OPTIMIZATION_LEVEL = "-Onone";
			};
			name = Debug;
		};
		DBD7F9AE20B286B600605855 /* Release */ = {
			isa = XCBuildConfiguration;
			buildSettings = {
				ALWAYS_SEARCH_USER_PATHS = NO;
				CLANG_ANALYZER_NONNULL = YES;
				CLANG_ANALYZER_NUMBER_OBJECT_CONVERSION = YES_AGGRESSIVE;
				CLANG_CXX_LANGUAGE_STANDARD = "gnu++14";
				CLANG_CXX_LIBRARY = "libc++";
				CLANG_ENABLE_MODULES = YES;
				CLANG_ENABLE_OBJC_ARC = YES;
				CLANG_ENABLE_OBJC_WEAK = YES;
				CLANG_WARN_BLOCK_CAPTURE_AUTORELEASING = YES;
				CLANG_WARN_BOOL_CONVERSION = YES;
				CLANG_WARN_COMMA = YES;
				CLANG_WARN_CONSTANT_CONVERSION = YES;
				CLANG_WARN_DEPRECATED_OBJC_IMPLEMENTATIONS = YES;
				CLANG_WARN_DIRECT_OBJC_ISA_USAGE = YES_ERROR;
				CLANG_WARN_DOCUMENTATION_COMMENTS = YES;
				CLANG_WARN_EMPTY_BODY = YES;
				CLANG_WARN_ENUM_CONVERSION = YES;
				CLANG_WARN_INFINITE_RECURSION = YES;
				CLANG_WARN_INT_CONVERSION = YES;
				CLANG_WARN_NON_LITERAL_NULL_CONVERSION = YES;
				CLANG_WARN_OBJC_IMPLICIT_RETAIN_SELF = YES;
				CLANG_WARN_OBJC_LITERAL_CONVERSION = YES;
				CLANG_WARN_OBJC_ROOT_CLASS = YES_ERROR;
				CLANG_WARN_RANGE_LOOP_ANALYSIS = YES;
				CLANG_WARN_STRICT_PROTOTYPES = YES;
				CLANG_WARN_SUSPICIOUS_MOVE = YES;
				CLANG_WARN_UNGUARDED_AVAILABILITY = YES_AGGRESSIVE;
				CLANG_WARN_UNREACHABLE_CODE = YES;
				CLANG_WARN__DUPLICATE_METHOD_MATCH = YES;
				CODE_SIGN_IDENTITY = "iPhone Developer";
				COPY_PHASE_STRIP = NO;
				DEBUG_INFORMATION_FORMAT = "dwarf-with-dsym";
				ENABLE_NS_ASSERTIONS = NO;
				ENABLE_STRICT_OBJC_MSGSEND = YES;
				GCC_C_LANGUAGE_STANDARD = gnu11;
				GCC_NO_COMMON_BLOCKS = YES;
				GCC_WARN_64_TO_32_BIT_CONVERSION = YES;
				GCC_WARN_ABOUT_RETURN_TYPE = YES_ERROR;
				GCC_WARN_UNDECLARED_SELECTOR = YES;
				GCC_WARN_UNINITIALIZED_AUTOS = YES_AGGRESSIVE;
				GCC_WARN_UNUSED_FUNCTION = YES;
				GCC_WARN_UNUSED_VARIABLE = YES;
				IPHONEOS_DEPLOYMENT_TARGET = 11.3;
				MTL_ENABLE_DEBUG_INFO = NO;
				SDKROOT = iphoneos;
				SWIFT_COMPILATION_MODE = wholemodule;
				SWIFT_OPTIMIZATION_LEVEL = "-O";
				VALIDATE_PRODUCT = YES;
			};
			name = Release;
		};
		DBD7F9B020B286B600605855 /* Debug */ = {
			isa = XCBuildConfiguration;
			buildSettings = {
				ASSETCATALOG_COMPILER_APPICON_NAME = AppIcon;
				CODE_SIGN_STYLE = Automatic;
				DEVELOPMENT_TEAM = 64NX5H9B23;
				INFOPLIST_FILE = AnimationCollection/Info.plist;
				LD_RUNPATH_SEARCH_PATHS = (
					"$(inherited)",
					"@executable_path/Frameworks",
				);
				PRODUCT_BUNDLE_IDENTIFIER = com.hexcon.AnimationCollection;
				PRODUCT_NAME = "$(TARGET_NAME)";
				SWIFT_VERSION = 4.0;
				TARGETED_DEVICE_FAMILY = "1,2";
			};
			name = Debug;
		};
		DBD7F9B120B286B600605855 /* Release */ = {
			isa = XCBuildConfiguration;
			buildSettings = {
				ASSETCATALOG_COMPILER_APPICON_NAME = AppIcon;
				CODE_SIGN_STYLE = Automatic;
				DEVELOPMENT_TEAM = 64NX5H9B23;
				INFOPLIST_FILE = AnimationCollection/Info.plist;
				LD_RUNPATH_SEARCH_PATHS = (
					"$(inherited)",
					"@executable_path/Frameworks",
				);
				PRODUCT_BUNDLE_IDENTIFIER = com.hexcon.AnimationCollection;
				PRODUCT_NAME = "$(TARGET_NAME)";
				SWIFT_VERSION = 4.0;
				TARGETED_DEVICE_FAMILY = "1,2";
			};
			name = Release;
		};
/* End XCBuildConfiguration section */

/* Begin XCConfigurationList section */
		DBD7F99820B286B400605855 /* Build configuration list for PBXProject "AnimationCollection" */ = {
			isa = XCConfigurationList;
			buildConfigurations = (
				DBD7F9AD20B286B600605855 /* Debug */,
				DBD7F9AE20B286B600605855 /* Release */,
			);
			defaultConfigurationIsVisible = 0;
			defaultConfigurationName = Release;
		};
		DBD7F9AF20B286B600605855 /* Build configuration list for PBXNativeTarget "AnimationCollection" */ = {
			isa = XCConfigurationList;
			buildConfigurations = (
				DBD7F9B020B286B600605855 /* Debug */,
				DBD7F9B120B286B600605855 /* Release */,
			);
			defaultConfigurationIsVisible = 0;
			defaultConfigurationName = Release;
		};
/* End XCConfigurationList section */
	};
	rootObject = DBD7F99520B286B400605855 /* Project object */;
}
